
Microsoft Visual Studio Solution File, Format Version 12.00
# Visual Studio Version 16
VisualStudioVersion = 16.0.31112.23
MinimumVisualStudioVersion = 10.0.40219.1
Project("{9A19103F-16F7-4668-BE54-9A1E7A4F7556}") = "CreativeTim.Argon.DotNetCore.Free", "..\..\..\Documents\Template\argon-dashboard-asp-net-master\CreativeTim.Argon.DotNetCore.Free\CreativeTim.Argon.DotNetCore.Free.csproj", "{FCE8CDCB-C668-4B28-A816-E054EED56345}"
EndProject
Global
	GlobalSection(SolutionConfigurationPlatforms) = preSolution
		Debug|Any CPU = Debug|Any CPU
		Release|Any CPU = Release|Any CPU
	EndGlobalSection
	GlobalSection(ProjectConfigurationPlatforms) = postSolution
		{FCE8CDCB-C668-4B28-A816-E054EED56345}.Debug|Any CPU.ActiveCfg = Debug|Any CPU
		{FCE8CDCB-C668-4B28-A816-E054EED56345}.Debug|Any CPU.Build.0 = Debug|Any CPU
		{FCE8CDCB-C668-4B28-A816-E054EED56345}.Release|Any CPU.ActiveCfg = Release|Any CPU
		{FCE8CDCB-C668-4B28-A816-E054EED56345}.Release|Any CPU.Build.0 = Release|Any CPU
	EndGlobalSection
	GlobalSection(SolutionProperties) = preSolution
		HideSolutionNode = FALSE
	EndGlobalSection
	GlobalSection(ExtensibilityGlobals) = postSolution
		SolutionGuid = {0B2533B7-6DA3-45A5-AF2B-034BF0C08E21}
	EndGlobalSection
EndGlobal
